{
  "originHash" : "59439428602a3e7f5d9ee4542584518848438a937a4d776f15ea4a5447f03707",
  "pins" : [
    {
      "identity" : "fluidaudio",
      "kind" : "remoteSourceControl",
      "location" : "https://github.com/FluidInference/FluidAudio.git",
      "state" : {
        "revision" : "b1c82cfbfd303698f330b6a347dbfadf093463e4",
        "version" : "0.15.0"
      }
    }
  ],
  "version" : 3
}
