{
  "originHash" : "fd762401e0d847af0b982a15c45fab24c4d2ab2a932519c368d1486790698e06",
  "pins" : [
    {
      "identity" : "fluidaudio",
      "kind" : "remoteSourceControl",
      "location" : "https://github.com/FluidInference/FluidAudio.git",
      "state" : {
        "revision" : "8048812869b0c7c6fa393e564a4fb6f95126ba23",
        "version" : "0.14.7"
      }
    }
  ],
  "version" : 3
}
