{
  "originHash" : "ac0bda83cf3d4cbf5b4f858d78385a47d468b04af368f9a13ac9551ea2d2cad5",
  "pins" : [
    {
      "identity" : "fluidaudio",
      "kind" : "remoteSourceControl",
      "location" : "https://github.com/FluidInference/FluidAudio.git",
      "state" : {
        "revision" : "6c40eca4310efffe80e723f1e628f6cf76d3feaf",
        "version" : "0.13.5"
      }
    }
  ],
  "version" : 3
}
